
Microsoft Visual Studio Solution File, Format Version 12.00
# Visual Studio Version 16
VisualStudioVersion = 16.0.31911.196
MinimumVisualStudioVersion = 10.0.40219.1
Project("{FAE04EC0-301F-11D3-BF4B-00C04F79EFBC}") = "SampleAPINet5", "SampleAPINet5\SampleAPINet5.csproj", "{B168A53E-96C0-4EA6-966D-49983CA89629}"
EndProject
Global
	GlobalSection(SolutionConfigurationPlatforms) = preSolution
		Debug|Any CPU = Debug|Any CPU
		Release|Any CPU = Release|Any CPU
	EndGlobalSection
	GlobalSection(ProjectConfigurationPlatforms) = postSolution
		{B168A53E-96C0-4EA6-966D-49983CA89629}.Debug|Any CPU.ActiveCfg = Debug|Any CPU
		{B168A53E-96C0-4EA6-966D-49983CA89629}.Debug|Any CPU.Build.0 = Debug|Any CPU
		{B168A53E-96C0-4EA6-966D-49983CA89629}.Release|Any CPU.ActiveCfg = Release|Any CPU
		{B168A53E-96C0-4EA6-966D-49983CA89629}.Release|Any CPU.Build.0 = Release|Any CPU
	EndGlobalSection
	GlobalSection(SolutionProperties) = preSolution
		HideSolutionNode = FALSE
	EndGlobalSection
	GlobalSection(ExtensibilityGlobals) = postSolution
		SolutionGuid = {B21C40D5-439A-440B-BD20-DF31E79F200B}
	EndGlobalSection
EndGlobal
